{
  "R": {
    "Version": "4.2.2",
    "Repositories": [
      {
        "Name": "CRAN",
        "URL": "https://cloud.r-project.org"
      },
      {
        "Name": "rstudio",
        "URL": "https://rstudio.r-universe.dev"
      },
      {
        "Name": "ropensci",
        "URL": "https://ropensci.r-universe.dev"
      },
      {
        "Name": "yihui",
        "URL": "https://yihui.r-universe.dev"
      },
      {
        "Name": "gadenbuie",
        "URL": "https://gadenbuie.r-universe.dev"
      },
      {
        "Name": "rforge",
        "URL": "https://r-forge.r-universe.dev"
      },
      {
        "Name": "rlib",
        "URL": "https://r-lib.r-universe.dev"
      },
      {
        "Name": "tidymodels",
        "URL": "https://tidymodels.r-universe.dev"
      },
      {
        "Name": "tidyverse",
        "URL": "https://tidyverse.r-universe.dev"
      }
    ]
  },
  "Packages": {}
}
